
Microsoft Visual Studio Solution File, Format Version 12.00
# Visual Studio Version 16
VisualStudioVersion = 16.0.30711.63
MinimumVisualStudioVersion = 10.0.40219.1
Project("{FAE04EC0-301F-11D3-BF4B-00C04F79EFBC}") = "Levegominoseg", "Levegominoseg\Levegominoseg.csproj", "{3BE2BA64-EF8A-4EB2-9B42-1C475749CFFF}"
EndProject
Global
	GlobalSection(SolutionConfigurationPlatforms) = preSolution
		Debug|Any CPU = Debug|Any CPU
		Release|Any CPU = Release|Any CPU
	EndGlobalSection
	GlobalSection(ProjectConfigurationPlatforms) = postSolution
		{3BE2BA64-EF8A-4EB2-9B42-1C475749CFFF}.Debug|Any CPU.ActiveCfg = Debug|Any CPU
		{3BE2BA64-EF8A-4EB2-9B42-1C475749CFFF}.Debug|Any CPU.Build.0 = Debug|Any CPU
		{3BE2BA64-EF8A-4EB2-9B42-1C475749CFFF}.Release|Any CPU.ActiveCfg = Release|Any CPU
		{3BE2BA64-EF8A-4EB2-9B42-1C475749CFFF}.Release|Any CPU.Build.0 = Release|Any CPU
	EndGlobalSection
	GlobalSection(SolutionProperties) = preSolution
		HideSolutionNode = FALSE
	EndGlobalSection
	GlobalSection(ExtensibilityGlobals) = postSolution
		SolutionGuid = {AF2463B6-4524-4EF2-A67E-97F534E23E2C}
	EndGlobalSection
EndGlobal
